
Microsoft Visual Studio Solution File, Format Version 12.00
# Visual Studio Version 16
VisualStudioVersion = 16.0.30804.86
MinimumVisualStudioVersion = 10.0.40219.1
Project("{9A19103F-16F7-4668-BE54-9A1E7A4F7556}") = "Demo1", "Demo1\Demo1.csproj", "{8F135203-8161-480A-A8C9-9B0750D5E8B8}"
EndProject
Project("{9A19103F-16F7-4668-BE54-9A1E7A4F7556}") = "Demo0", "Demo0\Demo0.csproj", "{458FDC6D-8C26-4147-B552-7FC7BDAB0845}"
EndProject
Project("{9A19103F-16F7-4668-BE54-9A1E7A4F7556}") = "Demo2", "Demo2\Demo2.csproj", "{C6359923-26C0-493B-BAC1-A98ED2C096A5}"
EndProject
Project("{9A19103F-16F7-4668-BE54-9A1E7A4F7556}") = "Demo3", "Demo3\Demo3.csproj", "{75661CF2-E7CE-4587-BDBE-F18E2859C991}"
EndProject
Project("{9A19103F-16F7-4668-BE54-9A1E7A4F7556}") = "Demo4", "Demo4\Demo4.csproj", "{41705447-C5F2-4707-ACDF-3BBFBD93CA96}"
EndProject
Project("{9A19103F-16F7-4668-BE54-9A1E7A4F7556}") = "Demo5", "Demo5\Demo5.csproj", "{4CA0166C-558C-4E18-B028-3C22805B6A3F}"
EndProject
Project("{9A19103F-16F7-4668-BE54-9A1E7A4F7556}") = "Demo6", "Demo6\Demo6.csproj", "{253234D5-F006-49DC-8FFF-D5DBB4556061}"
EndProject
Project("{FAE04EC0-301F-11D3-BF4B-00C04F79EFBC}") = "Demo7", "Demo7\Demo7.csproj", "{39E5FB5F-072E-43DD-AADA-F64728F7DA26}"
EndProject
Global
	GlobalSection(SolutionConfigurationPlatforms) = preSolution
		Debug|Any CPU = Debug|Any CPU
		Release|Any CPU = Release|Any CPU
	EndGlobalSection
	GlobalSection(ProjectConfigurationPlatforms) = postSolution
		{8F135203-8161-480A-A8C9-9B0750D5E8B8}.Debug|Any CPU.ActiveCfg = Debug|Any CPU
		{8F135203-8161-480A-A8C9-9B0750D5E8B8}.Debug|Any CPU.Build.0 = Debug|Any CPU
		{8F135203-8161-480A-A8C9-9B0750D5E8B8}.Release|Any CPU.ActiveCfg = Release|Any CPU
		{8F135203-8161-480A-A8C9-9B0750D5E8B8}.Release|Any CPU.Build.0 = Release|Any CPU
		{458FDC6D-8C26-4147-B552-7FC7BDAB0845}.Debug|Any CPU.ActiveCfg = Debug|Any CPU
		{458FDC6D-8C26-4147-B552-7FC7BDAB0845}.Debug|Any CPU.Build.0 = Debug|Any CPU
		{458FDC6D-8C26-4147-B552-7FC7BDAB0845}.Release|Any CPU.ActiveCfg = Release|Any CPU
		{458FDC6D-8C26-4147-B552-7FC7BDAB0845}.Release|Any CPU.Build.0 = Release|Any CPU
		{C6359923-26C0-493B-BAC1-A98ED2C096A5}.Debug|Any CPU.ActiveCfg = Debug|Any CPU
		{C6359923-26C0-493B-BAC1-A98ED2C096A5}.Debug|Any CPU.Build.0 = Debug|Any CPU
		{C6359923-26C0-493B-BAC1-A98ED2C096A5}.Release|Any CPU.ActiveCfg = Release|Any CPU
		{C6359923-26C0-493B-BAC1-A98ED2C096A5}.Release|Any CPU.Build.0 = Release|Any CPU
		{75661CF2-E7CE-4587-BDBE-F18E2859C991}.Debug|Any CPU.ActiveCfg = Debug|Any CPU
		{75661CF2-E7CE-4587-BDBE-F18E2859C991}.Debug|Any CPU.Build.0 = Debug|Any CPU
		{75661CF2-E7CE-4587-BDBE-F18E2859C991}.Release|Any CPU.ActiveCfg = Release|Any CPU
		{75661CF2-E7CE-4587-BDBE-F18E2859C991}.Release|Any CPU.Build.0 = Release|Any CPU
		{41705447-C5F2-4707-ACDF-3BBFBD93CA96}.Debug|Any CPU.ActiveCfg = Debug|Any CPU
		{41705447-C5F2-4707-ACDF-3BBFBD93CA96}.Debug|Any CPU.Build.0 = Debug|Any CPU
		{41705447-C5F2-4707-ACDF-3BBFBD93CA96}.Release|Any CPU.ActiveCfg = Release|Any CPU
		{41705447-C5F2-4707-ACDF-3BBFBD93CA96}.Release|Any CPU.Build.0 = Release|Any CPU
		{4CA0166C-558C-4E18-B028-3C22805B6A3F}.Debug|Any CPU.ActiveCfg = Debug|Any CPU
		{4CA0166C-558C-4E18-B028-3C22805B6A3F}.Debug|Any CPU.Build.0 = Debug|Any CPU
		{4CA0166C-558C-4E18-B028-3C22805B6A3F}.Release|Any CPU.ActiveCfg = Release|Any CPU
		{4CA0166C-558C-4E18-B028-3C22805B6A3F}.Release|Any CPU.Build.0 = Release|Any CPU
		{253234D5-F006-49DC-8FFF-D5DBB4556061}.Debug|Any CPU.ActiveCfg = Debug|Any CPU
		{253234D5-F006-49DC-8FFF-D5DBB4556061}.Debug|Any CPU.Build.0 = Debug|Any CPU
		{253234D5-F006-49DC-8FFF-D5DBB4556061}.Release|Any CPU.ActiveCfg = Release|Any CPU
		{253234D5-F006-49DC-8FFF-D5DBB4556061}.Release|Any CPU.Build.0 = Release|Any CPU
		{39E5FB5F-072E-43DD-AADA-F64728F7DA26}.Debug|Any CPU.ActiveCfg = Debug|Any CPU
		{39E5FB5F-072E-43DD-AADA-F64728F7DA26}.Debug|Any CPU.Build.0 = Debug|Any CPU
		{39E5FB5F-072E-43DD-AADA-F64728F7DA26}.Release|Any CPU.ActiveCfg = Release|Any CPU
		{39E5FB5F-072E-43DD-AADA-F64728F7DA26}.Release|Any CPU.Build.0 = Release|Any CPU
	EndGlobalSection
	GlobalSection(SolutionProperties) = preSolution
		HideSolutionNode = FALSE
	EndGlobalSection
	GlobalSection(ExtensibilityGlobals) = postSolution
		SolutionGuid = {2AE4F087-D394-4906-BE78-546902362B69}
	EndGlobalSection
EndGlobal
